
Microsoft Visual Studio Solution File, Format Version 12.00
# Visual Studio 15
VisualStudioVersion = 15.0.27130.2024
MinimumVisualStudioVersion = 10.0.40219.1
Project("{FAE04EC0-301F-11D3-BF4B-00C04F79EFBC}") = "WebApplication2", "WebApplication2\WebApplication2.csproj", "{6BC8D4C8-6AB0-472F-BB57-8A3A82BDEC0D}"
EndProject
Global
	GlobalSection(SolutionConfigurationPlatforms) = preSolution
		Debug|Any CPU = Debug|Any CPU
		Release|Any CPU = Release|Any CPU
	EndGlobalSection
	GlobalSection(ProjectConfigurationPlatforms) = postSolution
		{6BC8D4C8-6AB0-472F-BB57-8A3A82BDEC0D}.Debug|Any CPU.ActiveCfg = Debug|Any CPU
		{6BC8D4C8-6AB0-472F-BB57-8A3A82BDEC0D}.Debug|Any CPU.Build.0 = Debug|Any CPU
		{6BC8D4C8-6AB0-472F-BB57-8A3A82BDEC0D}.Release|Any CPU.ActiveCfg = Release|Any CPU
		{6BC8D4C8-6AB0-472F-BB57-8A3A82BDEC0D}.Release|Any CPU.Build.0 = Release|Any CPU
	EndGlobalSection
	GlobalSection(SolutionProperties) = preSolution
		HideSolutionNode = FALSE
	EndGlobalSection
	GlobalSection(ExtensibilityGlobals) = postSolution
		SolutionGuid = {E86AF6CE-AC8F-43C3-A81C-19FC304FA222}
	EndGlobalSection
EndGlobal
