
Microsoft Visual Studio Solution File, Format Version 12.00
# Visual Studio 15
VisualStudioVersion = 15.0.27130.2024
MinimumVisualStudioVersion = 10.0.40219.1
Project("{2150E333-8FDC-42A3-9474-1A3956D46DE8}") = "Solution Items", "Solution Items", "{D0618AB2-CF19-498C-9EF5-FFAA0900792A}"
	ProjectSection(SolutionItems) = preProject
		Local.testsettings = Local.testsettings
		TraceAndTestImpact.testsettings = TraceAndTestImpact.testsettings
		useribatis1.vsmdi = useribatis1.vsmdi
	EndProjectSection
EndProject
Project("{FAE04EC0-301F-11D3-BF4B-00C04F79EFBC}") = "useribatis", "useribatis\useribatis.csproj", "{D5896680-05C2-4D85-8016-5151547CB2A5}"
EndProject
Project("{FAE04EC0-301F-11D3-BF4B-00C04F79EFBC}") = "Test", "Test\Test.csproj", "{25C12A6C-3B76-47A9-AABF-4EC88C7FF929}"
EndProject
Global
	GlobalSection(SolutionConfigurationPlatforms) = preSolution
		Debug|Any CPU = Debug|Any CPU
		Release|Any CPU = Release|Any CPU
	EndGlobalSection
	GlobalSection(ProjectConfigurationPlatforms) = postSolution
		{D5896680-05C2-4D85-8016-5151547CB2A5}.Debug|Any CPU.ActiveCfg = Debug|Any CPU
		{D5896680-05C2-4D85-8016-5151547CB2A5}.Debug|Any CPU.Build.0 = Debug|Any CPU
		{D5896680-05C2-4D85-8016-5151547CB2A5}.Release|Any CPU.ActiveCfg = Release|Any CPU
		{D5896680-05C2-4D85-8016-5151547CB2A5}.Release|Any CPU.Build.0 = Release|Any CPU
		{25C12A6C-3B76-47A9-AABF-4EC88C7FF929}.Debug|Any CPU.ActiveCfg = Debug|Any CPU
		{25C12A6C-3B76-47A9-AABF-4EC88C7FF929}.Debug|Any CPU.Build.0 = Debug|Any CPU
		{25C12A6C-3B76-47A9-AABF-4EC88C7FF929}.Release|Any CPU.ActiveCfg = Release|Any CPU
		{25C12A6C-3B76-47A9-AABF-4EC88C7FF929}.Release|Any CPU.Build.0 = Release|Any CPU
	EndGlobalSection
	GlobalSection(SolutionProperties) = preSolution
		HideSolutionNode = FALSE
	EndGlobalSection
	GlobalSection(ExtensibilityGlobals) = postSolution
		SolutionGuid = {C34C52EF-0BB8-4538-A421-CDE06D1AA419}
	EndGlobalSection
	GlobalSection(TestCaseManagementSettings) = postSolution
		CategoryFile = useribatis1.vsmdi
	EndGlobalSection
EndGlobal
